
Microsoft Visual Studio Solution File, Format Version 12.00
# Visual Studio Version 17
VisualStudioVersion = 17.14.36414.22 d17.14
MinimumVisualStudioVersion = 10.0.40219.1
Project("{FAE04EC0-301F-11D3-BF4B-00C04F79EFBC}") = "Lab5", "Lab5.csproj", "{7F70ED3F-818A-4164-9AAF-0431E417E91F}"
EndProject
Global
	GlobalSection(SolutionConfigurationPlatforms) = preSolution
		Debug|Any CPU = Debug|Any CPU
		Release|Any CPU = Release|Any CPU
	EndGlobalSection
	GlobalSection(ProjectConfigurationPlatforms) = postSolution
		{7F70ED3F-818A-4164-9AAF-0431E417E91F}.Debug|Any CPU.ActiveCfg = Debug|Any CPU
		{7F70ED3F-818A-4164-9AAF-0431E417E91F}.Debug|Any CPU.Build.0 = Debug|Any CPU
		{7F70ED3F-818A-4164-9AAF-0431E417E91F}.Release|Any CPU.ActiveCfg = Release|Any CPU
		{7F70ED3F-818A-4164-9AAF-0431E417E91F}.Release|Any CPU.Build.0 = Release|Any CPU
	EndGlobalSection
	GlobalSection(SolutionProperties) = preSolution
		HideSolutionNode = FALSE
	EndGlobalSection
	GlobalSection(ExtensibilityGlobals) = postSolution
		SolutionGuid = {51330969-4E99-48E5-A54B-2764E11BD0FF}
	EndGlobalSection
EndGlobal
